
Microsoft Visual Studio Solution File, Format Version 12.00
# Visual Studio 14
VisualStudioVersion = 14.0.25420.1
MinimumVisualStudioVersion = 10.0.40219.1
Project("{6989167D-11E4-40FE-8C1A-2192A86A7E90}") = "springa-example", "springa-example.vfproj", "{747CC978-899D-4C50-ADDA-5FC3128E13D2}"
	ProjectSection(ProjectDependencies) = postProject
		{53EF44F3-5FFC-48AB-8A72-0AD5A1BAF91D} = {53EF44F3-5FFC-48AB-8A72-0AD5A1BAF91D}
	EndProjectSection
EndProject
Project("{6989167D-11E4-40FE-8C1A-2192A86A7E90}") = "snopt", "snopt.vfproj", "{1347BB16-69F8-4A58-80C9-7052CB5B8770}"
EndProject
Project("{6989167D-11E4-40FE-8C1A-2192A86A7E90}") = "snoptmex", "snoptmex\snoptmex.vfproj", "{C528B260-3A5E-4871-876C-50529CFB0E2A}"
	ProjectSection(ProjectDependencies) = postProject
		{1347BB16-69F8-4A58-80C9-7052CB5B8770} = {1347BB16-69F8-4A58-80C9-7052CB5B8770}
	EndProjectSection
EndProject
Project("{6989167D-11E4-40FE-8C1A-2192A86A7E90}") = "sqoptmex", "sqoptmex\sqoptmex.vfproj", "{34B6557B-13E3-489A-9377-9D3DF5AB280B}"
	ProjectSection(ProjectDependencies) = postProject
		{4ED36F2F-41EB-4BA2-B33E-FC91BF32CCE5} = {4ED36F2F-41EB-4BA2-B33E-FC91BF32CCE5}
	EndProjectSection
EndProject
Project("{8BC9CEB8-8B4A-11D0-8D11-00A0C91BC942}") = "snopt-c-example", "snopt-c-example\snopt-c-example.vcxproj", "{C3041215-5F76-4D45-A868-48682D74B762}"
	ProjectSection(ProjectDependencies) = postProject
		{1347BB16-69F8-4A58-80C9-7052CB5B8770} = {1347BB16-69F8-4A58-80C9-7052CB5B8770}
		{91DA69F4-125B-46DC-8EEF-996F7483E096} = {91DA69F4-125B-46DC-8EEF-996F7483E096}
	EndProjectSection
EndProject
Project("{8BC9CEB8-8B4A-11D0-8D11-00A0C91BC942}") = "snopt_c", "snopt_c\snopt_c.vcxproj", "{91DA69F4-125B-46DC-8EEF-996F7483E096}"
EndProject
Project("{8BC9CEB8-8B4A-11D0-8D11-00A0C91BC942}") = "snopt_cpp", "snopt_cpp\snopt_cpp.vcxproj", "{DCC85D91-9CF1-46E6-88C6-AC85851612E2}"
EndProject
Project("{6989167D-11E4-40FE-8C1A-2192A86A7E90}") = "sqopt", "sqopt.vfproj", "{4ED36F2F-41EB-4BA2-B33E-FC91BF32CCE5}"
EndProject
Project("{6989167D-11E4-40FE-8C1A-2192A86A7E90}") = "snopt-dll", "snopt-dll.vfproj", "{53EF44F3-5FFC-48AB-8A72-0AD5A1BAF91D}"
EndProject
Project("{6989167D-11E4-40FE-8C1A-2192A86A7E90}") = "sqopt-dll", "sqopt-dll.vfproj", "{74DCF788-C3E5-4797-ADB8-C71079CD389B}"
EndProject
Global
	GlobalSection(SolutionConfigurationPlatforms) = preSolution
		Debug|Win32 = Debug|Win32
		Debug|x64 = Debug|x64
		Release|Win32 = Release|Win32
		Release|x64 = Release|x64
	EndGlobalSection
	GlobalSection(ProjectConfigurationPlatforms) = postSolution
		{747CC978-899D-4C50-ADDA-5FC3128E13D2}.Debug|Win32.ActiveCfg = Debug|Win32
		{747CC978-899D-4C50-ADDA-5FC3128E13D2}.Debug|Win32.Build.0 = Debug|Win32
		{747CC978-899D-4C50-ADDA-5FC3128E13D2}.Debug|x64.ActiveCfg = Debug|x64
		{747CC978-899D-4C50-ADDA-5FC3128E13D2}.Debug|x64.Build.0 = Debug|x64
		{747CC978-899D-4C50-ADDA-5FC3128E13D2}.Release|Win32.ActiveCfg = Release|Win32
		{747CC978-899D-4C50-ADDA-5FC3128E13D2}.Release|Win32.Build.0 = Release|Win32
		{747CC978-899D-4C50-ADDA-5FC3128E13D2}.Release|x64.ActiveCfg = Release|x64
		{747CC978-899D-4C50-ADDA-5FC3128E13D2}.Release|x64.Build.0 = Release|x64
		{1347BB16-69F8-4A58-80C9-7052CB5B8770}.Debug|Win32.ActiveCfg = Debug|Win32
		{1347BB16-69F8-4A58-80C9-7052CB5B8770}.Debug|Win32.Build.0 = Debug|Win32
		{1347BB16-69F8-4A58-80C9-7052CB5B8770}.Debug|x64.ActiveCfg = Debug|x64
		{1347BB16-69F8-4A58-80C9-7052CB5B8770}.Release|Win32.ActiveCfg = Release|Win32
		{1347BB16-69F8-4A58-80C9-7052CB5B8770}.Release|Win32.Build.0 = Release|Win32
		{1347BB16-69F8-4A58-80C9-7052CB5B8770}.Release|x64.ActiveCfg = Release|x64
		{1347BB16-69F8-4A58-80C9-7052CB5B8770}.Release|x64.Build.0 = Release|x64
		{C528B260-3A5E-4871-876C-50529CFB0E2A}.Debug|Win32.ActiveCfg = Debug|Win32
		{C528B260-3A5E-4871-876C-50529CFB0E2A}.Debug|Win32.Build.0 = Debug|Win32
		{C528B260-3A5E-4871-876C-50529CFB0E2A}.Debug|x64.ActiveCfg = Debug|x64
		{C528B260-3A5E-4871-876C-50529CFB0E2A}.Release|Win32.ActiveCfg = Release|Win32
		{C528B260-3A5E-4871-876C-50529CFB0E2A}.Release|Win32.Build.0 = Release|Win32
		{C528B260-3A5E-4871-876C-50529CFB0E2A}.Release|x64.ActiveCfg = Release|x64
		{C528B260-3A5E-4871-876C-50529CFB0E2A}.Release|x64.Build.0 = Release|x64
		{34B6557B-13E3-489A-9377-9D3DF5AB280B}.Debug|Win32.ActiveCfg = Debug|Win32
		{34B6557B-13E3-489A-9377-9D3DF5AB280B}.Debug|Win32.Build.0 = Debug|Win32
		{34B6557B-13E3-489A-9377-9D3DF5AB280B}.Debug|x64.ActiveCfg = Debug|x64
		{34B6557B-13E3-489A-9377-9D3DF5AB280B}.Release|Win32.ActiveCfg = Release|Win32
		{34B6557B-13E3-489A-9377-9D3DF5AB280B}.Release|Win32.Build.0 = Release|Win32
		{34B6557B-13E3-489A-9377-9D3DF5AB280B}.Release|x64.ActiveCfg = Release|x64
		{34B6557B-13E3-489A-9377-9D3DF5AB280B}.Release|x64.Build.0 = Release|x64
		{C3041215-5F76-4D45-A868-48682D74B762}.Debug|Win32.ActiveCfg = Debug|Win32
		{C3041215-5F76-4D45-A868-48682D74B762}.Debug|Win32.Build.0 = Debug|Win32
		{C3041215-5F76-4D45-A868-48682D74B762}.Debug|x64.ActiveCfg = Debug|x64
		{C3041215-5F76-4D45-A868-48682D74B762}.Debug|x64.Build.0 = Debug|x64
		{C3041215-5F76-4D45-A868-48682D74B762}.Release|Win32.ActiveCfg = Release|Win32
		{C3041215-5F76-4D45-A868-48682D74B762}.Release|Win32.Build.0 = Release|Win32
		{C3041215-5F76-4D45-A868-48682D74B762}.Release|x64.ActiveCfg = Release|x64
		{C3041215-5F76-4D45-A868-48682D74B762}.Release|x64.Build.0 = Release|x64
		{91DA69F4-125B-46DC-8EEF-996F7483E096}.Debug|Win32.ActiveCfg = Debug|Win32
		{91DA69F4-125B-46DC-8EEF-996F7483E096}.Debug|Win32.Build.0 = Debug|Win32
		{91DA69F4-125B-46DC-8EEF-996F7483E096}.Debug|x64.ActiveCfg = Debug|x64
		{91DA69F4-125B-46DC-8EEF-996F7483E096}.Debug|x64.Build.0 = Debug|x64
		{91DA69F4-125B-46DC-8EEF-996F7483E096}.Release|Win32.ActiveCfg = Release|Win32
		{91DA69F4-125B-46DC-8EEF-996F7483E096}.Release|Win32.Build.0 = Release|Win32
		{91DA69F4-125B-46DC-8EEF-996F7483E096}.Release|x64.ActiveCfg = Release|x64
		{91DA69F4-125B-46DC-8EEF-996F7483E096}.Release|x64.Build.0 = Release|x64
		{DCC85D91-9CF1-46E6-88C6-AC85851612E2}.Debug|Win32.ActiveCfg = Debug|Win32
		{DCC85D91-9CF1-46E6-88C6-AC85851612E2}.Debug|Win32.Build.0 = Debug|Win32
		{DCC85D91-9CF1-46E6-88C6-AC85851612E2}.Debug|x64.ActiveCfg = Debug|x64
		{DCC85D91-9CF1-46E6-88C6-AC85851612E2}.Debug|x64.Build.0 = Debug|x64
		{DCC85D91-9CF1-46E6-88C6-AC85851612E2}.Release|Win32.ActiveCfg = Release|Win32
		{DCC85D91-9CF1-46E6-88C6-AC85851612E2}.Release|Win32.Build.0 = Release|Win32
		{DCC85D91-9CF1-46E6-88C6-AC85851612E2}.Release|x64.ActiveCfg = Release|x64
		{DCC85D91-9CF1-46E6-88C6-AC85851612E2}.Release|x64.Build.0 = Release|x64
		{4ED36F2F-41EB-4BA2-B33E-FC91BF32CCE5}.Debug|Win32.ActiveCfg = Debug|Win32
		{4ED36F2F-41EB-4BA2-B33E-FC91BF32CCE5}.Debug|Win32.Build.0 = Debug|Win32
		{4ED36F2F-41EB-4BA2-B33E-FC91BF32CCE5}.Debug|x64.ActiveCfg = Debug|x64
		{4ED36F2F-41EB-4BA2-B33E-FC91BF32CCE5}.Debug|x64.Build.0 = Debug|x64
		{4ED36F2F-41EB-4BA2-B33E-FC91BF32CCE5}.Release|Win32.ActiveCfg = Release|Win32
		{4ED36F2F-41EB-4BA2-B33E-FC91BF32CCE5}.Release|Win32.Build.0 = Release|Win32
		{4ED36F2F-41EB-4BA2-B33E-FC91BF32CCE5}.Release|x64.ActiveCfg = Release|x64
		{4ED36F2F-41EB-4BA2-B33E-FC91BF32CCE5}.Release|x64.Build.0 = Release|x64
		{53EF44F3-5FFC-48AB-8A72-0AD5A1BAF91D}.Debug|Win32.ActiveCfg = Debug|Win32
		{53EF44F3-5FFC-48AB-8A72-0AD5A1BAF91D}.Debug|Win32.Build.0 = Debug|Win32
		{53EF44F3-5FFC-48AB-8A72-0AD5A1BAF91D}.Debug|x64.ActiveCfg = Debug|Win32
		{53EF44F3-5FFC-48AB-8A72-0AD5A1BAF91D}.Release|Win32.ActiveCfg = Release|Win32
		{53EF44F3-5FFC-48AB-8A72-0AD5A1BAF91D}.Release|Win32.Build.0 = Release|Win32
		{53EF44F3-5FFC-48AB-8A72-0AD5A1BAF91D}.Release|x64.ActiveCfg = Release|x64
		{53EF44F3-5FFC-48AB-8A72-0AD5A1BAF91D}.Release|x64.Build.0 = Release|x64
		{74DCF788-C3E5-4797-ADB8-C71079CD389B}.Debug|Win32.ActiveCfg = Debug|Win32
		{74DCF788-C3E5-4797-ADB8-C71079CD389B}.Debug|Win32.Build.0 = Debug|Win32
		{74DCF788-C3E5-4797-ADB8-C71079CD389B}.Debug|x64.ActiveCfg = Debug|Win32
		{74DCF788-C3E5-4797-ADB8-C71079CD389B}.Release|Win32.ActiveCfg = Release|Win32
		{74DCF788-C3E5-4797-ADB8-C71079CD389B}.Release|Win32.Build.0 = Release|Win32
		{74DCF788-C3E5-4797-ADB8-C71079CD389B}.Release|x64.ActiveCfg = Release|x64
		{74DCF788-C3E5-4797-ADB8-C71079CD389B}.Release|x64.Build.0 = Release|x64
	EndGlobalSection
	GlobalSection(SolutionProperties) = preSolution
		HideSolutionNode = FALSE
	EndGlobalSection
EndGlobal
