Microsoft Visual Studio Solution File, Format Version 11.00
# Visual Studio 2010
Project("{8BC9CEB8-8B4A-11D0-8D11-00A0C91BC942}") = "snoptc", "snoptc.vcxproj", "{898DCF3E-662A-432B-B47E-F2E992AC13BF}"
EndProject
Project("{8BC9CEB8-8B4A-11D0-8D11-00A0C91BC942}") = "csntoya", "csntoya.vcxproj", "{BC86915D-CC46-4928-9E76-3D7E2BB8E9C0}"
	ProjectSection(ProjectDependencies) = postProject
		{898DCF3E-662A-432B-B47E-F2E992AC13BF} = {898DCF3E-662A-432B-B47E-F2E992AC13BF}
	EndProjectSection
EndProject
Project("{8BC9CEB8-8B4A-11D0-8D11-00A0C91BC942}") = "snoptcmex", "snoptcmex.vcxproj", "{F45B61A9-A24E-4D4F-A06F-8317C30EE4FB}"
	ProjectSection(ProjectDependencies) = postProject
		{898DCF3E-662A-432B-B47E-F2E992AC13BF} = {898DCF3E-662A-432B-B47E-F2E992AC13BF}
	EndProjectSection
EndProject
Global
	GlobalSection(SolutionConfigurationPlatforms) = preSolution
		Debug|Win32 = Debug|Win32
		Debug|x64 = Debug|x64
		Release|Win32 = Release|Win32
		Release|x64 = Release|x64
	EndGlobalSection
	GlobalSection(ProjectConfigurationPlatforms) = postSolution
		{898DCF3E-662A-432B-B47E-F2E992AC13BF}.Debug|Win32.ActiveCfg = Release|x64
		{898DCF3E-662A-432B-B47E-F2E992AC13BF}.Debug|Win32.Build.0 = Release|x64
		{898DCF3E-662A-432B-B47E-F2E992AC13BF}.Debug|x64.ActiveCfg = Release|x64
		{898DCF3E-662A-432B-B47E-F2E992AC13BF}.Debug|x64.Build.0 = Release|x64
		{898DCF3E-662A-432B-B47E-F2E992AC13BF}.Release|Win32.ActiveCfg = Release|x64
		{898DCF3E-662A-432B-B47E-F2E992AC13BF}.Release|Win32.Build.0 = Release|x64
		{898DCF3E-662A-432B-B47E-F2E992AC13BF}.Release|x64.ActiveCfg = Release|x64
		{898DCF3E-662A-432B-B47E-F2E992AC13BF}.Release|x64.Build.0 = Release|x64
		{BC86915D-CC46-4928-9E76-3D7E2BB8E9C0}.Debug|Win32.ActiveCfg = Release|x64
		{BC86915D-CC46-4928-9E76-3D7E2BB8E9C0}.Debug|Win32.Build.0 = Release|x64
		{BC86915D-CC46-4928-9E76-3D7E2BB8E9C0}.Debug|x64.ActiveCfg = Release|x64
		{BC86915D-CC46-4928-9E76-3D7E2BB8E9C0}.Debug|x64.Build.0 = Release|x64
		{BC86915D-CC46-4928-9E76-3D7E2BB8E9C0}.Release|Win32.ActiveCfg = Release|x64
		{BC86915D-CC46-4928-9E76-3D7E2BB8E9C0}.Release|Win32.Build.0 = Release|x64
		{BC86915D-CC46-4928-9E76-3D7E2BB8E9C0}.Release|x64.ActiveCfg = Release|x64
		{BC86915D-CC46-4928-9E76-3D7E2BB8E9C0}.Release|x64.Build.0 = Release|x64
		{F45B61A9-A24E-4D4F-A06F-8317C30EE4FB}.Debug|Win32.ActiveCfg = Debug|Win32
		{F45B61A9-A24E-4D4F-A06F-8317C30EE4FB}.Debug|Win32.Build.0 = Debug|Win32
		{F45B61A9-A24E-4D4F-A06F-8317C30EE4FB}.Debug|x64.ActiveCfg = Debug|x64
		{F45B61A9-A24E-4D4F-A06F-8317C30EE4FB}.Debug|x64.Build.0 = Debug|x64
		{F45B61A9-A24E-4D4F-A06F-8317C30EE4FB}.Release|Win32.ActiveCfg = Release|Win32
		{F45B61A9-A24E-4D4F-A06F-8317C30EE4FB}.Release|Win32.Build.0 = Release|Win32
		{F45B61A9-A24E-4D4F-A06F-8317C30EE4FB}.Release|x64.ActiveCfg = Release|x64
		{F45B61A9-A24E-4D4F-A06F-8317C30EE4FB}.Release|x64.Build.0 = Release|x64
	EndGlobalSection
	GlobalSection(SolutionProperties) = preSolution
		HideSolutionNode = FALSE
	EndGlobalSection
EndGlobal
